// !$*UTF8*$!
{
	archiveVersion = 1;
	classes = {
	};
	objectVersion = 50;
	objects = {

/* Begin PBXBuildFile section */
		61E970A7222CB84800631C0E /* AppDelegate.swift in Sources */ = {isa = PBXBuildFile; fileRef = 61E970A6222CB84800631C0E /* AppDelegate.swift */; };
		61E970A9222CB84800631C0E /* ViewController.swift in Sources */ = {isa = PBXBuildFile; fileRef = 61E970A8222CB84800631C0E /* ViewController.swift */; };
		61E970AC222CB84800631C0E /* Main.storyboard in Resources */ = {isa = PBXBuildFile; fileRef = 61E970AA222CB84800631C0E /* Main.storyboard */; };
		61E970AE222CB84B00631C0E /* Assets.xcassets in Resources */ = {isa = PBXBuildFile; fileRef = 61E970AD222CB84B00631C0E /* Assets.xcassets */; };
		61E970B1222CB84B00631C0E /* LaunchScreen.storyboard in Resources */ = {isa = PBXBuildFile; fileRef = 61E970AF222CB84B00631C0E /* LaunchScreen.storyboard */; };
		61E970BC222CB84B00631C0E /* TicTacToeTests.swift in Sources */ = {isa = PBXBuildFile; fileRef = 61E970BB222CB84B00631C0E /* TicTacToeTests.swift */; };
		61E970C7222CB84B00631C0E /* TicTacToeUITests.swift in Sources */ = {isa = PBXBuildFile; fileRef = 61E970C6222CB84B00631C0E /* TicTacToeUITests.swift */; };
/* End PBXBuildFile section */

/* Begin PBXContainerItemProxy section */
		61E970B8222CB84B00631C0E /* PBXContainerItemProxy */ = {
			isa = PBXContainerItemProxy;
			containerPortal = 61E9709B222CB84800631C0E /* Project object */;
			proxyType = 1;
			remoteGlobalIDString = 61E970A2222CB84800631C0E;
			remoteInfo = TicTacToe;
		};
		61E970C3222CB84B00631C0E /* PBXContainerItemProxy */ = {
			isa = PBXContainerItemProxy;
			containerPortal = 61E9709B222CB84800631C0E /* Project object */;
			proxyType = 1;
			remoteGlobalIDString = 61E970A2222CB84800631C0E;
			remoteInfo = TicTacToe;
		};
/* End PBXContainerItemProxy section */

/* Begin PBXFileReference section */
		61E970A3222CB84800631C0E /* TicTacToe.app */ = {isa = PBXFileReference; explicitFileType = wrapper.application; includeInIndex = 0; path = TicTacToe.app; sourceTree = BUILT_PRODUCTS_DIR; };
		61E970A6222CB84800631C0E /* AppDelegate.swift */ = {isa = PBXFileReference; lastKnownFileType = sourcecode.swift; path = AppDelegate.swift; sourceTree = "<group>"; };
		61E970A8222CB84800631C0E /* ViewController.swift */ = {isa = PBXFileReference; lastKnownFileType = sourcecode.swift; path = ViewController.swift; sourceTree = "<group>"; };
		61E970AB222CB84800631C0E /* Base */ = {isa = PBXFileReference; lastKnownFileType = file.storyboard; name = Base; path = Base.lproj/Main.storyboard; sourceTree = "<group>"; };
		61E970AD222CB84B00631C0E /* Assets.xcassets */ = {isa = PBXFileReference; lastKnownFileType = folder.assetcatalog; path = Assets.xcassets; sourceTree = "<group>"; };
		61E970B0222CB84B00631C0E /* Base */ = {isa = PBXFileReference; lastKnownFileType = file.storyboard; name = Base; path = Base.lproj/LaunchScreen.storyboard; sourceTree = "<group>"; };
		61E970B2222CB84B00631C0E /* Info.plist */ = {isa = PBXFileReference; lastKnownFileType = text.plist.xml; path = Info.plist; sourceTree = "<group>"; };
		61E970B7222CB84B00631C0E /* TicTacToeTests.xctest */ = {isa = PBXFileReference; explicitFileType = wrapper.cfbundle; includeInIndex = 0; path = TicTacToeTests.xctest; sourceTree = BUILT_PRODUCTS_DIR; };
		61E970BB222CB84B00631C0E /* TicTacToeTests.swift */ = {isa = PBXFileReference; lastKnownFileType = sourcecode.swift; path = TicTacToeTests.swift; sourceTree = "<group>"; };
		61E970BD222CB84B00631C0E /* Info.plist */ = {isa = PBXFileReference; lastKnownFileType = text.plist.xml; path = Info.plist; sourceTree = "<group>"; };
		61E970C2222CB84B00631C0E /* TicTacToeUITests.xctest */ = {isa = PBXFileReference; explicitFileType = wrapper.cfbundle; includeInIndex = 0; path = TicTacToeUITests.xctest; sourceTree = BUILT_PRODUCTS_DIR; };
		61E970C6222CB84B00631C0E /* TicTacToeUITests.swift */ = {isa = PBXFileReference; lastKnownFileType = sourcecode.swift; path = TicTacToeUITests.swift; sourceTree = "<group>"; };
		61E970C8222CB84B00631C0E /* Info.plist */ = {isa = PBXFileReference; lastKnownFileType = text.plist.xml; path = Info.plist; sourceTree = "<group>"; };
/* End PBXFileReference section */

/* Begin PBXFrameworksBuildPhase section */
		61E970A0222CB84800631C0E /* Frameworks */ = {
			isa = PBXFrameworksBuildPhase;
			buildActionMask = 2147483647;
			files = (
			);
			runOnlyForDeploymentPostprocessing = 0;
		};
		61E970B4222CB84B00631C0E /* Frameworks */ = {
			isa = PBXFrameworksBuildPhase;
			buildActionMask = 2147483647;
			files = (
			);
			runOnlyForDeploymentPostprocessing = 0;
		};
		61E970BF222CB84B00631C0E /* Frameworks */ = {
			isa = PBXFrameworksBuildPhase;
			buildActionMask = 2147483647;
			files = (
			);
			runOnlyForDeploymentPostprocessing = 0;
		};
/* End PBXFrameworksBuildPhase section */

/* Begin PBXGroup section */
		61E9709A222CB84800631C0E = {
			isa = PBXGroup;
			children = (
				61E970A5222CB84800631C0E /* TicTacToe */,
				61E970BA222CB84B00631C0E /* TicTacToeTests */,
				61E970C5222CB84B00631C0E /* TicTacToeUITests */,
				61E970A4222CB84800631C0E /* Products */,
			);
			sourceTree = "<group>";
		};
		61E970A4222CB84800631C0E /* Products */ = {
			isa = PBXGroup;
			children = (
				61E970A3222CB84800631C0E /* TicTacToe.app */,
				61E970B7222CB84B00631C0E /* TicTacToeTests.xctest */,
				61E970C2222CB84B00631C0E /* TicTacToeUITests.xctest */,
			);
			name = Products;
			sourceTree = "<group>";
		};
		61E970A5222CB84800631C0E /* TicTacToe */ = {
			isa = PBXGroup;
			children = (
				61E970A6222CB84800631C0E /* AppDelegate.swift */,
				61E970A8222CB84800631C0E /* ViewController.swift */,
				61E970AA222CB84800631C0E /* Main.storyboard */,
				61E970AD222CB84B00631C0E /* Assets.xcassets */,
				61E970AF222CB84B00631C0E /* LaunchScreen.storyboard */,
				61E970B2222CB84B00631C0E /* Info.plist */,
			);
			path = TicTacToe;
			sourceTree = "<group>";
		};
		61E970BA222CB84B00631C0E /* TicTacToeTests */ = {
			isa = PBXGroup;
			children = (
				61E970BB222CB84B00631C0E /* TicTacToeTests.swift */,
				61E970BD222CB84B00631C0E /* Info.plist */,
			);
			path = TicTacToeTests;
			sourceTree = "<group>";
		};
		61E970C5222CB84B00631C0E /* TicTacToeUITests */ = {
			isa = PBXGroup;
			children = (
				61E970C6222CB84B00631C0E /* TicTacToeUITests.swift */,
				61E970C8222CB84B00631C0E /* Info.plist */,
			);
			path = TicTacToeUITests;
			sourceTree = "<group>";
		};
/* End PBXGroup section */

/* Begin PBXNativeTarget section */
		61E970A2222CB84800631C0E /* TicTacToe */ = {
			isa = PBXNativeTarget;
			buildConfigurationList = 61E970CB222CB84B00631C0E /* Build configuration list for PBXNativeTarget "TicTacToe" */;
			buildPhases = (
				61E9709F222CB84800631C0E /* Sources */,
				61E970A0222CB84800631C0E /* Frameworks */,
				61E970A1222CB84800631C0E /* Resources */,
			);
			buildRules = (
			);
			dependencies = (
			);
			name = TicTacToe;
			productName = TicTacToe;
			productReference = 61E970A3222CB84800631C0E /* TicTacToe.app */;
			productType = "com.apple.product-type.application";
		};
		61E970B6222CB84B00631C0E /* TicTacToeTests */ = {
			isa = PBXNativeTarget;
			buildConfigurationList = 61E970CE222CB84B00631C0E /* Build configuration list for PBXNativeTarget "TicTacToeTests" */;
			buildPhases = (
				61E970B3222CB84B00631C0E /* Sources */,
				61E970B4222CB84B00631C0E /* Frameworks */,
				61E970B5222CB84B00631C0E /* Resources */,
			);
			buildRules = (
			);
			dependencies = (
				61E970B9222CB84B00631C0E /* PBXTargetDependency */,
			);
			name = TicTacToeTests;
			productName = TicTacToeTests;
			productReference = 61E970B7222CB84B00631C0E /* TicTacToeTests.xctest */;
			productType = "com.apple.product-type.bundle.unit-test";
		};
		61E970C1222CB84B00631C0E /* TicTacToeUITests */ = {
			isa = PBXNativeTarget;
			buildConfigurationList = 61E970D1222CB84B00631C0E /* Build configuration list for PBXNativeTarget "TicTacToeUITests" */;
			buildPhases = (
				61E970BE222CB84B00631C0E /* Sources */,
				61E970BF222CB84B00631C0E /* Frameworks */,
				61E970C0222CB84B00631C0E /* Resources */,
			);
			buildRules = (
			);
			dependencies = (
				61E970C4222CB84B00631C0E /* PBXTargetDependency */,
			);
			name = TicTacToeUITests;
			productName = TicTacToeUITests;
			productReference = 61E970C2222CB84B00631C0E /* TicTacToeUITests.xctest */;
			productType = "com.apple.product-type.bundle.ui-testing";
		};
/* End PBXNativeTarget section */

/* Begin PBXProject section */
		61E9709B222CB84800631C0E /* Project object */ = {
			isa = PBXProject;
			attributes = {
				LastSwiftUpdateCheck = 1010;
				LastUpgradeCheck = 1010;
				ORGANIZATIONNAME = "Big Nerd Ranch";
				TargetAttributes = {
					61E970A2222CB84800631C0E = {
						CreatedOnToolsVersion = 10.1;
					};
					61E970B6222CB84B00631C0E = {
						CreatedOnToolsVersion = 10.1;
						TestTargetID = 61E970A2222CB84800631C0E;
					};
					61E970C1222CB84B00631C0E = {
						CreatedOnToolsVersion = 10.1;
						TestTargetID = 61E970A2222CB84800631C0E;
					};
				};
			};
			buildConfigurationList = 61E9709E222CB84800631C0E /* Build configuration list for PBXProject "TicTacToe" */;
			compatibilityVersion = "Xcode 9.3";
			developmentRegion = en;
			hasScannedForEncodings = 0;
			knownRegions = (
				en,
				Base,
			);
			mainGroup = 61E9709A222CB84800631C0E;
			productRefGroup = 61E970A4222CB84800631C0E /* Products */;
			projectDirPath = "";
			projectRoot = "";
			targets = (
				61E970A2222CB84800631C0E /* TicTacToe */,
				61E970B6222CB84B00631C0E /* TicTacToeTests */,
				61E970C1222CB84B00631C0E /* TicTacToeUITests */,
			);
		};
/* End PBXProject section */

/* Begin PBXResourcesBuildPhase section */
		61E970A1222CB84800631C0E /* Resources */ = {
			isa = PBXResourcesBuildPhase;
			buildActionMask = 2147483647;
			files = (
				61E970B1222CB84B00631C0E /* LaunchScreen.storyboard in Resources */,
				61E970AE222CB84B00631C0E /* Assets.xcassets in Resources */,
				61E970AC222CB84800631C0E /* Main.storyboard in Resources */,
			);
			runOnlyForDeploymentPostprocessing = 0;
		};
		61E970B5222CB84B00631C0E /* Resources */ = {
			isa = PBXResourcesBuildPhase;
			buildActionMask = 2147483647;
			files = (
			);
			runOnlyForDeploymentPostprocessing = 0;
		};
		61E970C0222CB84B00631C0E /* Resources */ = {
			isa = PBXResourcesBuildPhase;
			buildActionMask = 2147483647;
			files = (
			);
			runOnlyForDeploymentPostprocessing = 0;
		};
/* End PBXResourcesBuildPhase section */

/* Begin PBXSourcesBuildPhase section */
		61E9709F222CB84800631C0E /* Sources */ = {
			isa = PBXSourcesBuildPhase;
			buildActionMask = 2147483647;
			files = (
				61E970A9222CB84800631C0E /* ViewController.swift in Sources */,
				61E970A7222CB84800631C0E /* AppDelegate.swift in Sources */,
			);
			runOnlyForDeploymentPostprocessing = 0;
		};
		61E970B3222CB84B00631C0E /* Sources */ = {
			isa = PBXSourcesBuildPhase;
			buildActionMask = 2147483647;
			files = (
				61E970BC222CB84B00631C0E /* TicTacToeTests.swift in Sources */,
			);
			runOnlyForDeploymentPostprocessing = 0;
		};
		61E970BE222CB84B00631C0E /* Sources */ = {
			isa = PBXSourcesBuildPhase;
			buildActionMask = 2147483647;
			files = (
				61E970C7222CB84B00631C0E /* TicTacToeUITests.swift in Sources */,
			);
			runOnlyForDeploymentPostprocessing = 0;
		};
/* End PBXSourcesBuildPhase section */

/* Begin PBXTargetDependency section */
		61E970B9222CB84B00631C0E /* PBXTargetDependency */ = {
			isa = PBXTargetDependency;
			target = 61E970A2222CB84800631C0E /* TicTacToe */;
			targetProxy = 61E970B8222CB84B00631C0E /* PBXContainerItemProxy */;
		};
		61E970C4222CB84B00631C0E /* PBXTargetDependency */ = {
			isa = PBXTargetDependency;
			target = 61E970A2222CB84800631C0E /* TicTacToe */;
			targetProxy = 61E970C3222CB84B00631C0E /* PBXContainerItemProxy */;
		};
/* End PBXTargetDependency section */

/* Begin PBXVariantGroup section */
		61E970AA222CB84800631C0E /* Main.storyboard */ = {
			isa = PBXVariantGroup;
			children = (
				61E970AB222CB84800631C0E /* Base */,
			);
			name = Main.storyboard;
			sourceTree = "<group>";
		};
		61E970AF222CB84B00631C0E /* LaunchScreen.storyboard */ = {
			isa = PBXVariantGroup;
			children = (
				61E970B0222CB84B00631C0E /* Base */,
			);
			name = LaunchScreen.storyboard;
			sourceTree = "<group>";
		};
/* End PBXVariantGroup section */

/* Begin XCBuildConfiguration section */
		61E970C9222CB84B00631C0E /* Debug */ = {
			isa = XCBuildConfiguration;
			buildSettings = {
				ALWAYS_SEARCH_USER_PATHS = NO;
				CLANG_ANALYZER_NONNULL = YES;
				CLANG_ANALYZER_NUMBER_OBJECT_CONVERSION = YES_AGGRESSIVE;
				CLANG_CXX_LANGUAGE_STANDARD = "gnu++14";
				CLANG_CXX_LIBRARY = "libc++";
				CLANG_ENABLE_MODULES = YES;
				CLANG_ENABLE_OBJC_ARC = YES;
				CLANG_ENABLE_OBJC_WEAK = YES;
				CLANG_WARN_BLOCK_CAPTURE_AUTORELEASING = YES;
				CLANG_WARN_BOOL_CONVERSION = YES;
				CLANG_WARN_COMMA = YES;
				CLANG_WARN_CONSTANT_CONVERSION = YES;
				CLANG_WARN_DEPRECATED_OBJC_IMPLEMENTATIONS = YES;
				CLANG_WARN_DIRECT_OBJC_ISA_USAGE = YES_ERROR;
				CLANG_WARN_DOCUMENTATION_COMMENTS = YES;
				CLANG_WARN_EMPTY_BODY = YES;
				CLANG_WARN_ENUM_CONVERSION = YES;
				CLANG_WARN_INFINITE_RECURSION = YES;
				CLANG_WARN_INT_CONVERSION = YES;
				CLANG_WARN_NON_LITERAL_NULL_CONVERSION = YES;
				CLANG_WARN_OBJC_IMPLICIT_RETAIN_SELF = YES;
				CLANG_WARN_OBJC_LITERAL_CONVERSION = YES;
				CLANG_WARN_OBJC_ROOT_CLASS = YES_ERROR;
				CLANG_WARN_RANGE_LOOP_ANALYSIS = YES;
				CLANG_WARN_STRICT_PROTOTYPES = YES;
				CLANG_WARN_SUSPICIOUS_MOVE = YES;
				CLANG_WARN_UNGUARDED_AVAILABILITY = YES_AGGRESSIVE;
				CLANG_WARN_UNREACHABLE_CODE = YES;
				CLANG_WARN__DUPLICATE_METHOD_MATCH = YES;
				CODE_SIGN_IDENTITY = "iPhone Developer";
				COPY_PHASE_STRIP = NO;
				DEBUG_INFORMATION_FORMAT = dwarf;
				ENABLE_STRICT_OBJC_MSGSEND = YES;
				ENABLE_TESTABILITY = YES;
				GCC_C_LANGUAGE_STANDARD = gnu11;
				GCC_DYNAMIC_NO_PIC = NO;
				GCC_NO_COMMON_BLOCKS = YES;
				GCC_OPTIMIZATION_LEVEL = 0;
				GCC_PREPROCESSOR_DEFINITIONS = (
					"DEBUG=1",
					"$(inherited)",
				);
				GCC_WARN_64_TO_32_BIT_CONVERSION = YES;
				GCC_WARN_ABOUT_RETURN_TYPE = YES_ERROR;
				GCC_WARN_UNDECLARED_SELECTOR = YES;
				GCC_WARN_UNINITIALIZED_AUTOS = YES_AGGRESSIVE;
				GCC_WARN_UNUSED_FUNCTION = YES;
				GCC_WARN_UNUSED_VARIABLE = YES;
				IPHONEOS_DEPLOYMENT_TARGET = 12.1;
				MTL_ENABLE_DEBUG_INFO = INCLUDE_SOURCE;
				MTL_FAST_MATH = YES;
				ONLY_ACTIVE_ARCH = YES;
				SDKROOT = iphoneos;
				SWIFT_ACTIVE_COMPILATION_CONDITIONS = DEBUG;
				SWIFT_OPTIMIZATION_LEVEL = "-Onone";
			};
			name = Debug;
		};
		61E970CA222CB84B00631C0E /* Release */ = {
			isa = XCBuildConfiguration;
			buildSettings = {
				ALWAYS_SEARCH_USER_PATHS = NO;
				CLANG_ANALYZER_NONNULL = YES;
				CLANG_ANALYZER_NUMBER_OBJECT_CONVERSION = YES_AGGRESSIVE;
				CLANG_CXX_LANGUAGE_STANDARD = "gnu++14";
				CLANG_CXX_LIBRARY = "libc++";
				CLANG_ENABLE_MODULES = YES;
				CLANG_ENABLE_OBJC_ARC = YES;
				CLANG_ENABLE_OBJC_WEAK = YES;
				CLANG_WARN_BLOCK_CAPTURE_AUTORELEASING = YES;
				CLANG_WARN_BOOL_CONVERSION = YES;
				CLANG_WARN_COMMA = YES;
				CLANG_WARN_CONSTANT_CONVERSION = YES;
				CLANG_WARN_DEPRECATED_OBJC_IMPLEMENTATIONS = YES;
				CLANG_WARN_DIRECT_OBJC_ISA_USAGE = YES_ERROR;
				CLANG_WARN_DOCUMENTATION_COMMENTS = YES;
				CLANG_WARN_EMPTY_BODY = YES;
				CLANG_WARN_ENUM_CONVERSION = YES;
				CLANG_WARN_INFINITE_RECURSION = YES;
				CLANG_WARN_INT_CONVERSION = YES;
				CLANG_WARN_NON_LITERAL_NULL_CONVERSION = YES;
				CLANG_WARN_OBJC_IMPLICIT_RETAIN_SELF = YES;
				CLANG_WARN_OBJC_LITERAL_CONVERSION = YES;
				CLANG_WARN_OBJC_ROOT_CLASS = YES_ERROR;
				CLANG_WARN_RANGE_LOOP_ANALYSIS = YES;
				CLANG_WARN_STRICT_PROTOTYPES = YES;
				CLANG_WARN_SUSPICIOUS_MOVE = YES;
				CLANG_WARN_UNGUARDED_AVAILABILITY = YES_AGGRESSIVE;
				CLANG_WARN_UNREACHABLE_CODE = YES;
				CLANG_WARN__DUPLICATE_METHOD_MATCH = YES;
				CODE_SIGN_IDENTITY = "iPhone Developer";
				COPY_PHASE_STRIP = NO;
				DEBUG_INFORMATION_FORMAT = "dwarf-with-dsym";
				ENABLE_NS_ASSERTIONS = NO;
				ENABLE_STRICT_OBJC_MSGSEND = YES;
				GCC_C_LANGUAGE_STANDARD = gnu11;
				GCC_NO_COMMON_BLOCKS = YES;
				GCC_WARN_64_TO_32_BIT_CONVERSION = YES;
				GCC_WARN_ABOUT_RETURN_TYPE = YES_ERROR;
				GCC_WARN_UNDECLARED_SELECTOR = YES;
				GCC_WARN_UNINITIALIZED_AUTOS = YES_AGGRESSIVE;
				GCC_WARN_UNUSED_FUNCTION = YES;
				GCC_WARN_UNUSED_VARIABLE = YES;
				IPHONEOS_DEPLOYMENT_TARGET = 12.1;
				MTL_ENABLE_DEBUG_INFO = NO;
				MTL_FAST_MATH = YES;
				SDKROOT = iphoneos;
				SWIFT_COMPILATION_MODE = wholemodule;
				SWIFT_OPTIMIZATION_LEVEL = "-O";
				VALIDATE_PRODUCT = YES;
			};
			name = Release;
		};
		61E970CC222CB84B00631C0E /* Debug */ = {
			isa = XCBuildConfiguration;
			buildSettings = {
				ASSETCATALOG_COMPILER_APPICON_NAME = AppIcon;
				CODE_SIGN_STYLE = Automatic;
				INFOPLIST_FILE = TicTacToe/Info.plist;
				LD_RUNPATH_SEARCH_PATHS = (
					"$(inherited)",
					"@executable_path/Frameworks",
				);
				PRODUCT_BUNDLE_IDENTIFIER = com.bignerdranch.TicTacToe;
				PRODUCT_NAME = "$(TARGET_NAME)";
				SWIFT_VERSION = 4.2;
				TARGETED_DEVICE_FAMILY = "1,2";
			};
			name = Debug;
		};
		61E970CD222CB84B00631C0E /* Release */ = {
			isa = XCBuildConfiguration;
			buildSettings = {
				ASSETCATALOG_COMPILER_APPICON_NAME = AppIcon;
				CODE_SIGN_STYLE = Automatic;
				INFOPLIST_FILE = TicTacToe/Info.plist;
				LD_RUNPATH_SEARCH_PATHS = (
					"$(inherited)",
					"@executable_path/Frameworks",
				);
				PRODUCT_BUNDLE_IDENTIFIER = com.bignerdranch.TicTacToe;
				PRODUCT_NAME = "$(TARGET_NAME)";
				SWIFT_VERSION = 4.2;
				TARGETED_DEVICE_FAMILY = "1,2";
			};
			name = Release;
		};
		61E970CF222CB84B00631C0E /* Debug */ = {
			isa = XCBuildConfiguration;
			buildSettings = {
				ALWAYS_EMBED_SWIFT_STANDARD_LIBRARIES = YES;
				BUNDLE_LOADER = "$(TEST_HOST)";
				CODE_SIGN_STYLE = Automatic;
				INFOPLIST_FILE = TicTacToeTests/Info.plist;
				LD_RUNPATH_SEARCH_PATHS = (
					"$(inherited)",
					"@executable_path/Frameworks",
					"@loader_path/Frameworks",
				);
				PRODUCT_BUNDLE_IDENTIFIER = com.bignerdranch.TicTacToeTests;
				PRODUCT_NAME = "$(TARGET_NAME)";
				SWIFT_VERSION = 4.2;
				TARGETED_DEVICE_FAMILY = "1,2";
				TEST_HOST = "$(BUILT_PRODUCTS_DIR)/TicTacToe.app/TicTacToe";
			};
			name = Debug;
		};
		61E970D0222CB84B00631C0E /* Release */ = {
			isa = XCBuildConfiguration;
			buildSettings = {
				ALWAYS_EMBED_SWIFT_STANDARD_LIBRARIES = YES;
				BUNDLE_LOADER = "$(TEST_HOST)";
				CODE_SIGN_STYLE = Automatic;
				INFOPLIST_FILE = TicTacToeTests/Info.plist;
				LD_RUNPATH_SEARCH_PATHS = (
					"$(inherited)",
					"@executable_path/Frameworks",
					"@loader_path/Frameworks",
				);
				PRODUCT_BUNDLE_IDENTIFIER = com.bignerdranch.TicTacToeTests;
				PRODUCT_NAME = "$(TARGET_NAME)";
				SWIFT_VERSION = 4.2;
				TARGETED_DEVICE_FAMILY = "1,2";
				TEST_HOST = "$(BUILT_PRODUCTS_DIR)/TicTacToe.app/TicTacToe";
			};
			name = Release;
		};
		61E970D2222CB84B00631C0E /* Debug */ = {
			isa = XCBuildConfiguration;
			buildSettings = {
				ALWAYS_EMBED_SWIFT_STANDARD_LIBRARIES = YES;
				CODE_SIGN_STYLE = Automatic;
				INFOPLIST_FILE = TicTacToeUITests/Info.plist;
				LD_RUNPATH_SEARCH_PATHS = (
					"$(inherited)",
					"@executable_path/Frameworks",
					"@loader_path/Frameworks",
				);
				PRODUCT_BUNDLE_IDENTIFIER = com.bignerdranch.TicTacToeUITests;
				PRODUCT_NAME = "$(TARGET_NAME)";
				SWIFT_VERSION = 4.2;
				TARGETED_DEVICE_FAMILY = "1,2";
				TEST_TARGET_NAME = TicTacToe;
			};
			name = Debug;
		};
		61E970D3222CB84B00631C0E /* Release */ = {
			isa = XCBuildConfiguration;
			buildSettings = {
				ALWAYS_EMBED_SWIFT_STANDARD_LIBRARIES = YES;
				CODE_SIGN_STYLE = Automatic;
				INFOPLIST_FILE = TicTacToeUITests/Info.plist;
				LD_RUNPATH_SEARCH_PATHS = (
					"$(inherited)",
					"@executable_path/Frameworks",
					"@loader_path/Frameworks",
				);
				PRODUCT_BUNDLE_IDENTIFIER = com.bignerdranch.TicTacToeUITests;
				PRODUCT_NAME = "$(TARGET_NAME)";
				SWIFT_VERSION = 4.2;
				TARGETED_DEVICE_FAMILY = "1,2";
				TEST_TARGET_NAME = TicTacToe;
			};
			name = Release;
		};
/* End XCBuildConfiguration section */

/* Begin XCConfigurationList section */
		61E9709E222CB84800631C0E /* Build configuration list for PBXProject "TicTacToe" */ = {
			isa = XCConfigurationList;
			buildConfigurations = (
				61E970C9222CB84B00631C0E /* Debug */,
				61E970CA222CB84B00631C0E /* Release */,
			);
			defaultConfigurationIsVisible = 0;
			defaultConfigurationName = Release;
		};
		61E970CB222CB84B00631C0E /* Build configuration list for PBXNativeTarget "TicTacToe" */ = {
			isa = XCConfigurationList;
			buildConfigurations = (
				61E970CC222CB84B00631C0E /* Debug */,
				61E970CD222CB84B00631C0E /* Release */,
			);
			defaultConfigurationIsVisible = 0;
			defaultConfigurationName = Release;
		};
		61E970CE222CB84B00631C0E /* Build configuration list for PBXNativeTarget "TicTacToeTests" */ = {
			isa = XCConfigurationList;
			buildConfigurations = (
				61E970CF222CB84B00631C0E /* Debug */,
				61E970D0222CB84B00631C0E /* Release */,
			);
			defaultConfigurationIsVisible = 0;
			defaultConfigurationName = Release;
		};
		61E970D1222CB84B00631C0E /* Build configuration list for PBXNativeTarget "TicTacToeUITests" */ = {
			isa = XCConfigurationList;
			buildConfigurations = (
				61E970D2222CB84B00631C0E /* Debug */,
				61E970D3222CB84B00631C0E /* Release */,
			);
			defaultConfigurationIsVisible = 0;
			defaultConfigurationName = Release;
		};
/* End XCConfigurationList section */
	};
	rootObject = 61E9709B222CB84800631C0E /* Project object */;
}
